<?xml version="1.0" encoding="utf-8"?>
<Project ToolsVersion="4.0" xmlns="http://schemas.microsoft.com/developer/msbuild/2003">
  <ItemGroup>
    <Filter Include="Source Files">
      <UniqueIdentifier>{4FC737F1-C7A5-4376-A066-2A32D752A2FF}</UniqueIdentifier>
      <Extensions>cpp;c;cc;cxx;c++;cppm;ixx;def;odl;idl;hpj;bat;asm;asmx</Extensions>
    </Filter>
    <Filter Include="Header Files">
      <UniqueIdentifier>{93995380-89BD-4b04-88EB-625FBE52EBFB}</UniqueIdentifier>
      <Extensions>h;hh;hpp;hxx;h++;hm;inl;inc;ipp;xsd</Extensions>
    </Filter>
    <Filter Include="Resource Files">
      <UniqueIdentifier>{67DA6AB6-F800-4c08-8B7A-83BB121AAD01}</UniqueIdentifier>
      <Extensions>rc;ico;cur;bmp;dlg;rc2;rct;bin;rgs;gif;jpg;jpeg;jpe;resx;tiff;tif;png;wav;mfcribbon-ms</Extensions>
    </Filter>
    <Filter Include="Source Files\Events">
      <UniqueIdentifier>{8197244f-e4ef-4176-a31d-4d1f3ecb6154}</UniqueIdentifier>
    </Filter>
    <Filter Include="Source Files\Graphics">
      <UniqueIdentifier>{0052806d-d637-46f7-af2d-fe5968dae46b}</UniqueIdentifier>
    </Filter>
    <Filter Include="Source Files\Game">
      <UniqueIdentifier>{d50d7b64-a412-4ac3-9957-ca041dc6ca29}</UniqueIdentifier>
    </Filter>
    <Filter Include="Source Files\Game\Objects">
      <UniqueIdentifier>{9aae4363-d763-4f94-a5ec-f07514bcb33d}</UniqueIdentifier>
    </Filter>
    <Filter Include="Resource Files\Fonts">
      <UniqueIdentifier>{6a32909c-d8fa-4e60-beca-da99e661b765}</UniqueIdentifier>
    </Filter>
    <Filter Include="Resource Files\Textures">
      <UniqueIdentifier>{7684761d-90f9-4c29-a987-466fed40b1d7}</UniqueIdentifier>
    </Filter>
    <Filter Include="Resource Files\DLLs">
      <UniqueIdentifier>{e28e3e56-a32a-4bfb-873e-cf19f3511836}</UniqueIdentifier>
    </Filter>
    <Filter Include="Resource Files\Shaders">
      <UniqueIdentifier>{6a11b41a-0402-49f9-b9e3-e25d8787fb21}</UniqueIdentifier>
    </Filter>
    <Filter Include="Resource Files\Shaders\Menu">
      <UniqueIdentifier>{d71d5496-9ae0-446f-b13e-9a0e88c4a358}</UniqueIdentifier>
    </Filter>
    <Filter Include="Source Files\Game\Menu">
      <UniqueIdentifier>{1c1dfe6a-d00f-42c2-8858-07965405ba68}</UniqueIdentifier>
    </Filter>
  </ItemGroup>
  <ItemGroup>
    <ClCompile Include="SFMLProjectInCpp.cpp">
      <Filter>Source Files</Filter>
    </ClCompile>
    <ClCompile Include="Events\Events.cpp">
      <Filter>Source Files\Events</Filter>
    </ClCompile>
    <ClCompile Include="Events\KeyPress.cpp">
      <Filter>Source Files\Events</Filter>
    </ClCompile>
    <ClCompile Include="Graphics\Textures.cpp">
      <Filter>Source Files\Graphics</Filter>
    </ClCompile>
    <ClCompile Include="Graphics\Sprites.cpp">
      <Filter>Source Files\Graphics</Filter>
    </ClCompile>
    <ClCompile Include="Game\Game.cpp">
      <Filter>Source Files\Game</Filter>
    </ClCompile>
    <ClCompile Include="Game\Objects\Player.cpp">
      <Filter>Source Files\Game\Objects</Filter>
    </ClCompile>
    <ClCompile Include="Game\Objects\Projectile.cpp">
      <Filter>Source Files\Game\Objects</Filter>
    </ClCompile>
    <ClCompile Include="Graphics\Animation.cpp">
      <Filter>Source Files</Filter>
    </ClCompile>
    <ClCompile Include="Game\Menu\Menu.cpp">
      <Filter>Source Files\Game\Menu</Filter>
    </ClCompile>
    <ClCompile Include="Game\Menu\Button.cpp">
      <Filter>Source Files\Game\Menu</Filter>
    </ClCompile>
    <ClCompile Include="Game\Objects\Enemy.cpp">
      <Filter>Source Files\Game\Objects</Filter>
    </ClCompile>
  </ItemGroup>
  <ItemGroup>
    <ClInclude Include="Headers\Events.hpp">
      <Filter>Header Files</Filter>
    </ClInclude>
    <ClInclude Include="Headers\KeyPress.hpp">
      <Filter>Header Files</Filter>
    </ClInclude>
    <ClInclude Include="Headers\Logger.hpp">
      <Filter>Header Files</Filter>
    </ClInclude>
    <ClInclude Include="Headers\Consts.hpp">
      <Filter>Header Files</Filter>
    </ClInclude>
    <ClInclude Include="Headers\Textures.hpp">
      <Filter>Header Files</Filter>
    </ClInclude>
    <ClInclude Include="Headers\Sprites.hpp">
      <Filter>Header Files</Filter>
    </ClInclude>
    <ClInclude Include="Headers\Game.hpp">
      <Filter>Header Files</Filter>
    </ClInclude>
    <ClInclude Include="Headers\Player.hpp">
      <Filter>Header Files</Filter>
    </ClInclude>
    <ClInclude Include="Headers\Projectile.hpp">
      <Filter>Header Files</Filter>
    </ClInclude>
    <ClInclude Include="Headers\Animation.hpp">
      <Filter>Header Files</Filter>
    </ClInclude>
    <ClInclude Include="Headers\Menu.hpp">
      <Filter>Header Files</Filter>
    </ClInclude>
    <ClInclude Include="Headers\Button.hpp">
      <Filter>Header Files</Filter>
    </ClInclude>
    <ClInclude Include="Headers\Enemy.hpp">
      <Filter>Header Files</Filter>
    </ClInclude>
  </ItemGroup>
  <ItemGroup>
    <None Include="sfml-window-d-2.dll">
      <Filter>Resource Files\DLLs</Filter>
    </None>
    <None Include="openal32.dll">
      <Filter>Resource Files\DLLs</Filter>
    </None>
    <None Include="sfml-audio-2.dll">
      <Filter>Resource Files\DLLs</Filter>
    </None>
    <None Include="sfml-audio-d-2.dll">
      <Filter>Resource Files\DLLs</Filter>
    </None>
    <None Include="sfml-graphics-2.dll">
      <Filter>Resource Files\DLLs</Filter>
    </None>
    <None Include="sfml-graphics-d-2.dll">
      <Filter>Resource Files\DLLs</Filter>
    </None>
    <None Include="sfml-network-2.dll">
      <Filter>Resource Files\DLLs</Filter>
    </None>
    <None Include="sfml-network-d-2.dll">
      <Filter>Resource Files\DLLs</Filter>
    </None>
    <None Include="sfml-system-2.dll">
      <Filter>Resource Files\DLLs</Filter>
    </None>
    <None Include="sfml-system-d-2.dll">
      <Filter>Resource Files\DLLs</Filter>
    </None>
    <None Include="sfml-window-2.dll">
      <Filter>Resource Files\DLLs</Filter>
    </None>
    <None Include="Shaders\Menu\Selected.vert">
      <Filter>Resource Files\Shaders\Menu</Filter>
    </None>
    <None Include="Shaders\Menu\Selected.frag">
      <Filter>Resource Files\Shaders\Menu</Filter>
    </None>
  </ItemGroup>
  <ItemGroup>
    <Image Include="Textures\Projectil1.png">
      <Filter>Resource Files\Textures</Filter>
    </Image>
    <Image Include="Textures\Projectil1Old.png">
      <Filter>Resource Files\Textures</Filter>
    </Image>
    <Image Include="Textures\rocket.png">
      <Filter>Resource Files\Textures</Filter>
    </Image>
    <Image Include="Textures\RocketSpite.png">
      <Filter>Resource Files\Textures</Filter>
    </Image>
    <Image Include="Textures\Health.png">
      <Filter>Resource Files\Textures</Filter>
    </Image>
  </ItemGroup>
  <ItemGroup>
    <Font Include="Fonts\arial.ttf">
      <Filter>Resource Files\Fonts</Filter>
    </Font>
  </ItemGroup>
</Project>